# THIS IS AN AUTOGENERATED FILE. DO NOT EDIT THIS FILE DIRECTLY.
# yarn lockfile v1


json-path@^0.1.3:
  version "0.1.3"
  resolved "https://registry.yarnpkg.com/json-path/-/json-path-0.1.3.tgz#dce61357b3b281b28ac647ec0a709bc58a155bf8"
  integrity sha1-3OYTV7OygbKKxkfsCnCbxYoVW/g=
  dependencies:
    json-ptr "~0.1.1"

json-ptr@~0.1.1:
  version "0.1.1"
  resolved "https://registry.yarnpkg.com/json-ptr/-/json-ptr-0.1.1.tgz#bab82a31e292ce7af9e3fc7fd65acd1bbb9248e8"
  integrity sha1-urgqMeKSznr54/x/1lrNG7uSSOg=

koa-validate@^1.0.7:
  version "1.0.7"
  resolved "https://registry.yarnpkg.com/koa-validate/-/koa-validate-1.0.7.tgz#0b7dd3feee83cae1b4694fa06376477d945eb430"
  integrity sha1-C33T/u6DyuG0aU+gY3ZHfZRetDA=
  dependencies:
    json-path "^0.1.3"
    validator "^5.2.0"

validator@^5.2.0:
  version "5.7.0"
  resolved "https://registry.yarnpkg.com/validator/-/validator-5.7.0.tgz#7a87a58146b695ac486071141c0c49d67da05e5c"
  integrity sha1-eoelgUa2laxIYHEUHAxJ1n2gXlw=
